// !$*UTF8*$!
{
	archiveVersion = 1;
	classes = {
	};
	objectVersion = 48;
	objects = {

/* Begin PBXBuildFile section */
		0912A43321A555D800923CC4 /* UIWindow.swift in Sources */ = {isa = PBXBuildFile; fileRef = 0912A43221A555D800923CC4 /* UIWindow.swift */; };
		092D6EED2165F8BB00AF03E0 /* BaseCell.swift in Sources */ = {isa = PBXBuildFile; fileRef = 092D6EEC2165F8BB00AF03E0 /* BaseCell.swift */; };
		092F0E5B21A804AE00FEABA3 /* TextFieldNode.swift in Sources */ = {isa = PBXBuildFile; fileRef = 092F0E5A21A804AE00FEABA3 /* TextFieldNode.swift */; };
		092F0E5D21A8051C00FEABA3 /* String.swift in Sources */ = {isa = PBXBuildFile; fileRef = 092F0E5C21A8051C00FEABA3 /* String.swift */; };
		0931CE0921870BEC005BAF47 /* LoginViewController.swift in Sources */ = {isa = PBXBuildFile; fileRef = 0931CE0821870BEC005BAF47 /* LoginViewController.swift */; };
		0931CE0B218710B3005BAF47 /* LogoAreaDisplay.swift in Sources */ = {isa = PBXBuildFile; fileRef = 0931CE0A218710B3005BAF47 /* LogoAreaDisplay.swift */; };
		0931CE0D218710C0005BAF47 /* FormLoginDisplay.swift in Sources */ = {isa = PBXBuildFile; fileRef = 0931CE0C218710C0005BAF47 /* FormLoginDisplay.swift */; };
		0931CE0F218710D1005BAF47 /* TermOfServiceDisplay.swift in Sources */ = {isa = PBXBuildFile; fileRef = 0931CE0E218710D1005BAF47 /* TermOfServiceDisplay.swift */; };
		0935B677219BD30B0044319C /* BarEntry.swift in Sources */ = {isa = PBXBuildFile; fileRef = 0935B66C219BD30B0044319C /* BarEntry.swift */; };
		0935B67A219BD30B0044319C /* BeautifulBarChart.swift in Sources */ = {isa = PBXBuildFile; fileRef = 0935B671219BD30B0044319C /* BeautifulBarChart.swift */; };
		093E85872164B85400FD217E /* UIColor.swift in Sources */ = {isa = PBXBuildFile; fileRef = 093E85862164B85400FD217E /* UIColor.swift */; };
		093E85892164B87800FD217E /* ASTextNode.swift in Sources */ = {isa = PBXBuildFile; fileRef = 093E85882164B87800FD217E /* ASTextNode.swift */; };
		093E858D2164B8B000FD217E /* WebView.swift in Sources */ = {isa = PBXBuildFile; fileRef = 093E858C2164B8B000FD217E /* WebView.swift */; };
		093E858F2164C98B00FD217E /* UIApplication.swift in Sources */ = {isa = PBXBuildFile; fileRef = 093E858E2164C98B00FD217E /* UIApplication.swift */; };
		0942B47021A69AF300207BE3 /* UserDefaults.swift in Sources */ = {isa = PBXBuildFile; fileRef = 0942B46F21A69AF300207BE3 /* UserDefaults.swift */; };
		0942B47221A6BA6200207BE3 /* SplashViewController.swift in Sources */ = {isa = PBXBuildFile; fileRef = 0942B47121A6BA6200207BE3 /* SplashViewController.swift */; };
		09478D64205632E500E3D266 /* UITableViewCell.swift in Sources */ = {isa = PBXBuildFile; fileRef = 09478D63205632E500E3D266 /* UITableViewCell.swift */; };
		09478D672056378000E3D266 /* NetworkControl.swift in Sources */ = {isa = PBXBuildFile; fileRef = 09478D662056378000E3D266 /* NetworkControl.swift */; };
		09478D6C2056612700E3D266 /* Article.swift in Sources */ = {isa = PBXBuildFile; fileRef = 09478D6B2056612700E3D266 /* Article.swift */; };
		09478D6E20566C9000E3D266 /* Articles.swift in Sources */ = {isa = PBXBuildFile; fileRef = 09478D6D20566C9000E3D266 /* Articles.swift */; };
		09478D722056864F00E3D266 /* RootTabBarController.swift in Sources */ = {isa = PBXBuildFile; fileRef = 09478D712056864F00E3D266 /* RootTabBarController.swift */; };
		094F13782122B57F00B60C03 /* UIViewController.swift in Sources */ = {isa = PBXBuildFile; fileRef = 094F13772122B57F00B60C03 /* UIViewController.swift */; };
		094F37A521941E38004B08E5 /* Sources.swift in Sources */ = {isa = PBXBuildFile; fileRef = 094F37A421941E38004B08E5 /* Sources.swift */; };
		094F37A721941E44004B08E5 /* Types.swift in Sources */ = {isa = PBXBuildFile; fileRef = 094F37A621941E44004B08E5 /* Types.swift */; };
		094F37A9219424F5004B08E5 /* Type.swift in Sources */ = {isa = PBXBuildFile; fileRef = 094F37A8219424F5004B08E5 /* Type.swift */; };
		0955DAEA205A508500D1CECA /* GoogleViewController.swift in Sources */ = {isa = PBXBuildFile; fileRef = 0955DAE9205A508500D1CECA /* GoogleViewController.swift */; };
		0955DAEC205A5A3900D1CECA /* Google.swift in Sources */ = {isa = PBXBuildFile; fileRef = 0955DAEB205A5A3900D1CECA /* Google.swift */; };
		095CB4A52158CD0700098EF8 /* NewViewController.swift in Sources */ = {isa = PBXBuildFile; fileRef = 095CB4A42158CD0700098EF8 /* NewViewController.swift */; };
		0973D9D521645688008F9420 /* C-WebConstants.swift in Sources */ = {isa = PBXBuildFile; fileRef = 0973D9D421645688008F9420 /* C-WebConstants.swift */; };
		0973D9D721645DCB008F9420 /* UIImage.swift in Sources */ = {isa = PBXBuildFile; fileRef = 0973D9D621645DCB008F9420 /* UIImage.swift */; };
		0973D9D921647EAE008F9420 /* ASDisplayNode.swift in Sources */ = {isa = PBXBuildFile; fileRef = 0973D9D821647EAE008F9420 /* ASDisplayNode.swift */; };
		0980B8D9218A9CDF00F424AB /* Encode.swift in Sources */ = {isa = PBXBuildFile; fileRef = 0980B8D8218A9CDF00F424AB /* Encode.swift */; };
		0980B8DB218AF7DD00F424AB /* BaseService.swift in Sources */ = {isa = PBXBuildFile; fileRef = 0980B8DA218AF7DD00F424AB /* BaseService.swift */; };
		0980B8DD218AFFAD00F424AB /* WWService.swift in Sources */ = {isa = PBXBuildFile; fileRef = 0980B8DC218AFFAD00F424AB /* WWService.swift */; };
		0980B8DF218B154B00F424AB /* ObjectMapper.framework in Frameworks */ = {isa = PBXBuildFile; fileRef = 0980B8DE218B154B00F424AB /* ObjectMapper.framework */; };
		0980B8E1218B169600F424AB /* RxSwift.framework in Frameworks */ = {isa = PBXBuildFile; fileRef = 0980B8E0218B169500F424AB /* RxSwift.framework */; };
		0985320F21997FEA0088AF5C /* SourcesPageNode.swift in Sources */ = {isa = PBXBuildFile; fileRef = 0985320E21997FEA0088AF5C /* SourcesPageNode.swift */; };
		098532112199870A0088AF5C /* SourcePageControl.swift in Sources */ = {isa = PBXBuildFile; fileRef = 098532102199870A0088AF5C /* SourcePageControl.swift */; };
		09853213219987FA0088AF5C /* SourceCategoryNode.swift in Sources */ = {isa = PBXBuildFile; fileRef = 09853212219987FA0088AF5C /* SourceCategoryNode.swift */; };
		09858AB721631DB100AC6636 /* WebViewController.swift in Sources */ = {isa = PBXBuildFile; fileRef = 09858AB621631DB100AC6636 /* WebViewController.swift */; };
		099A6B6721674A3E005C632B /* DetailCell.swift in Sources */ = {isa = PBXBuildFile; fileRef = 099A6B6621674A3E005C632B /* DetailCell.swift */; };
		09A535DD20562C7100E83BFD /* AppDelegate.swift in Sources */ = {isa = PBXBuildFile; fileRef = 09A535DC20562C7100E83BFD /* AppDelegate.swift */; };
		09A535E420562C7100E83BFD /* Assets.xcassets in Resources */ = {isa = PBXBuildFile; fileRef = 09A535E320562C7100E83BFD /* Assets.xcassets */; };
		09A535E720562C7100E83BFD /* LaunchScreen.storyboard in Resources */ = {isa = PBXBuildFile; fileRef = 09A535E520562C7100E83BFD /* LaunchScreen.storyboard */; };
		09A6BBFB21A1560100443D3B /* ASButtonNode.swift in Sources */ = {isa = PBXBuildFile; fileRef = 09A6BBFA21A1560100443D3B /* ASButtonNode.swift */; };
		09A7CFF02088731B0038EE62 /* UnboxDateFormater.swift in Sources */ = {isa = PBXBuildFile; fileRef = 09A7CFEF2088731B0038EE62 /* UnboxDateFormater.swift */; };
		09E15F4F216B14F10002E5BF /* SourcesViewController.swift in Sources */ = {isa = PBXBuildFile; fileRef = 09E15F4E216B14F10002E5BF /* SourcesViewController.swift */; };
		09E15F51216B4C4B0002E5BF /* EnumCollection.swift in Sources */ = {isa = PBXBuildFile; fileRef = 09E15F50216B4C4B0002E5BF /* EnumCollection.swift */; };
		09E15F55216B5DF30002E5BF /* SearchViewController.swift in Sources */ = {isa = PBXBuildFile; fileRef = 09E15F54216B5DF30002E5BF /* SearchViewController.swift */; };
		09E15F57216B65A40002E5BF /* HistoryCollectionNode.swift in Sources */ = {isa = PBXBuildFile; fileRef = 09E15F56216B65A40002E5BF /* HistoryCollectionNode.swift */; };
		09E15F59216B6CDA0002E5BF /* HistoryNode.swift in Sources */ = {isa = PBXBuildFile; fileRef = 09E15F58216B6CDA0002E5BF /* HistoryNode.swift */; };
		09E1C042216C88B9003FB213 /* GArticle.swift in Sources */ = {isa = PBXBuildFile; fileRef = 09E1C041216C88B9003FB213 /* GArticle.swift */; };
		09E1C044216C88C6003FB213 /* GArticles.swift in Sources */ = {isa = PBXBuildFile; fileRef = 09E1C043216C88C6003FB213 /* GArticles.swift */; };
		09E459B6211BFD9100B775DF /* PINCache.framework in Frameworks */ = {isa = PBXBuildFile; fileRef = 09E459B0211BFD9000B775DF /* PINCache.framework */; };
		09E459B7211BFD9100B775DF /* AsyncDisplayKit.framework in Frameworks */ = {isa = PBXBuildFile; fileRef = 09E459B1211BFD9000B775DF /* AsyncDisplayKit.framework */; };
		09E459B8211BFD9100B775DF /* PINRemoteImage.framework in Frameworks */ = {isa = PBXBuildFile; fileRef = 09E459B2211BFD9000B775DF /* PINRemoteImage.framework */; };
		09E459BA211BFD9100B775DF /* PINOperation.framework in Frameworks */ = {isa = PBXBuildFile; fileRef = 09E459B4211BFD9100B775DF /* PINOperation.framework */; };
		09E459C0211C07CC00B775DF /* Result.framework in Frameworks */ = {isa = PBXBuildFile; fileRef = 09E459BB211C07CB00B775DF /* Result.framework */; };
		09E459C1211C07CC00B775DF /* ReactiveMoya.framework in Frameworks */ = {isa = PBXBuildFile; fileRef = 09E459BC211C07CC00B775DF /* ReactiveMoya.framework */; };
		09E459C2211C07CC00B775DF /* Alamofire.framework in Frameworks */ = {isa = PBXBuildFile; fileRef = 09E459BD211C07CC00B775DF /* Alamofire.framework */; };
		09E459C3211C07CC00B775DF /* Moya.framework in Frameworks */ = {isa = PBXBuildFile; fileRef = 09E459BE211C07CC00B775DF /* Moya.framework */; };
		09E459C4211C07CC00B775DF /* ReactiveSwift.framework in Frameworks */ = {isa = PBXBuildFile; fileRef = 09E459BF211C07CC00B775DF /* ReactiveSwift.framework */; };
		09E459C7211C1B4500B775DF /* ArticleExtraction.swift in Sources */ = {isa = PBXBuildFile; fileRef = 09E459C6211C1B4500B775DF /* ArticleExtraction.swift */; };
		09F337D7218813EA00892A7A /* UserCurrent.swift in Sources */ = {isa = PBXBuildFile; fileRef = 09F337D6218813EA00892A7A /* UserCurrent.swift */; };
		09F337D921882DB600892A7A /* User.swift in Sources */ = {isa = PBXBuildFile; fileRef = 09F337D821882DB600892A7A /* User.swift */; };
		09F6A03C209AE04500021683 /* DetailWebViewController.swift in Sources */ = {isa = PBXBuildFile; fileRef = 09F6A03B209AE04500021683 /* DetailWebViewController.swift */; };
/* End PBXBuildFile section */

/* Begin PBXFileReference section */
		0912A43221A555D800923CC4 /* UIWindow.swift */ = {isa = PBXFileReference; lastKnownFileType = sourcecode.swift; path = UIWindow.swift; sourceTree = "<group>"; };
		092D6EEC2165F8BB00AF03E0 /* BaseCell.swift */ = {isa = PBXFileReference; lastKnownFileType = sourcecode.swift; path = BaseCell.swift; sourceTree = "<group>"; };
		092F0E5A21A804AE00FEABA3 /* TextFieldNode.swift */ = {isa = PBXFileReference; lastKnownFileType = sourcecode.swift; path = TextFieldNode.swift; sourceTree = "<group>"; };
		092F0E5C21A8051C00FEABA3 /* String.swift */ = {isa = PBXFileReference; lastKnownFileType = sourcecode.swift; path = String.swift; sourceTree = "<group>"; };
		0931CE0821870BEC005BAF47 /* LoginViewController.swift */ = {isa = PBXFileReference; lastKnownFileType = sourcecode.swift; path = LoginViewController.swift; sourceTree = "<group>"; };
		0931CE0A218710B3005BAF47 /* LogoAreaDisplay.swift */ = {isa = PBXFileReference; lastKnownFileType = sourcecode.swift; path = LogoAreaDisplay.swift; sourceTree = "<group>"; };
		0931CE0C218710C0005BAF47 /* FormLoginDisplay.swift */ = {isa = PBXFileReference; lastKnownFileType = sourcecode.swift; path = FormLoginDisplay.swift; sourceTree = "<group>"; };
		0931CE0E218710D1005BAF47 /* TermOfServiceDisplay.swift */ = {isa = PBXFileReference; lastKnownFileType = sourcecode.swift; path = TermOfServiceDisplay.swift; sourceTree = "<group>"; };
		0935B66C219BD30B0044319C /* BarEntry.swift */ = {isa = PBXFileReference; fileEncoding = 4; lastKnownFileType = sourcecode.swift; path = BarEntry.swift; sourceTree = "<group>"; };
		0935B671219BD30B0044319C /* BeautifulBarChart.swift */ = {isa = PBXFileReference; fileEncoding = 4; lastKnownFileType = sourcecode.swift; path = BeautifulBarChart.swift; sourceTree = "<group>"; };
		093E85862164B85400FD217E /* UIColor.swift */ = {isa = PBXFileReference; lastKnownFileType = sourcecode.swift; path = UIColor.swift; sourceTree = "<group>"; };
		093E85882164B87800FD217E /* ASTextNode.swift */ = {isa = PBXFileReference; lastKnownFileType = sourcecode.swift; path = ASTextNode.swift; sourceTree = "<group>"; };
		093E858C2164B8B000FD217E /* WebView.swift */ = {isa = PBXFileReference; lastKnownFileType = sourcecode.swift; path = WebView.swift; sourceTree = "<group>"; };
		093E858E2164C98B00FD217E /* UIApplication.swift */ = {isa = PBXFileReference; lastKnownFileType = sourcecode.swift; path = UIApplication.swift; sourceTree = "<group>"; };
		0942B46F21A69AF300207BE3 /* UserDefaults.swift */ = {isa = PBXFileReference; lastKnownFileType = sourcecode.swift; path = UserDefaults.swift; sourceTree = "<group>"; };
		0942B47121A6BA6200207BE3 /* SplashViewController.swift */ = {isa = PBXFileReference; lastKnownFileType = sourcecode.swift; path = SplashViewController.swift; sourceTree = "<group>"; };
		09478D63205632E500E3D266 /* UITableViewCell.swift */ = {isa = PBXFileReference; lastKnownFileType = sourcecode.swift; path = UITableViewCell.swift; sourceTree = "<group>"; };
		09478D662056378000E3D266 /* NetworkControl.swift */ = {isa = PBXFileReference; lastKnownFileType = sourcecode.swift; path = NetworkControl.swift; sourceTree = "<group>"; };
		09478D6B2056612700E3D266 /* Article.swift */ = {isa = PBXFileReference; lastKnownFileType = sourcecode.swift; path = Article.swift; sourceTree = "<group>"; };
		09478D6D20566C9000E3D266 /* Articles.swift */ = {isa = PBXFileReference; lastKnownFileType = sourcecode.swift; path = Articles.swift; sourceTree = "<group>"; };
		09478D712056864F00E3D266 /* RootTabBarController.swift */ = {isa = PBXFileReference; lastKnownFileType = sourcecode.swift; path = RootTabBarController.swift; sourceTree = "<group>"; };
		094F13772122B57F00B60C03 /* UIViewController.swift */ = {isa = PBXFileReference; lastKnownFileType = sourcecode.swift; path = UIViewController.swift; sourceTree = "<group>"; };
		094F37A421941E38004B08E5 /* Sources.swift */ = {isa = PBXFileReference; lastKnownFileType = sourcecode.swift; path = Sources.swift; sourceTree = "<group>"; };
		094F37A621941E44004B08E5 /* Types.swift */ = {isa = PBXFileReference; lastKnownFileType = sourcecode.swift; path = Types.swift; sourceTree = "<group>"; };
		094F37A8219424F5004B08E5 /* Type.swift */ = {isa = PBXFileReference; lastKnownFileType = sourcecode.swift; path = Type.swift; sourceTree = "<group>"; };
		0955DAE9205A508500D1CECA /* GoogleViewController.swift */ = {isa = PBXFileReference; lastKnownFileType = sourcecode.swift; path = GoogleViewController.swift; sourceTree = "<group>"; };
		0955DAEB205A5A3900D1CECA /* Google.swift */ = {isa = PBXFileReference; lastKnownFileType = sourcecode.swift; path = Google.swift; sourceTree = "<group>"; };
		095CB4A42158CD0700098EF8 /* NewViewController.swift */ = {isa = PBXFileReference; lastKnownFileType = sourcecode.swift; path = NewViewController.swift; sourceTree = "<group>"; };
		0973D9D421645688008F9420 /* C-WebConstants.swift */ = {isa = PBXFileReference; lastKnownFileType = sourcecode.swift; path = "C-WebConstants.swift"; sourceTree = "<group>"; };
		0973D9D621645DCB008F9420 /* UIImage.swift */ = {isa = PBXFileReference; lastKnownFileType = sourcecode.swift; path = UIImage.swift; sourceTree = "<group>"; };
		0973D9D821647EAE008F9420 /* ASDisplayNode.swift */ = {isa = PBXFileReference; lastKnownFileType = sourcecode.swift; path = ASDisplayNode.swift; sourceTree = "<group>"; };
		0980B8D8218A9CDF00F424AB /* Encode.swift */ = {isa = PBXFileReference; lastKnownFileType = sourcecode.swift; path = Encode.swift; sourceTree = "<group>"; };
		0980B8DA218AF7DD00F424AB /* BaseService.swift */ = {isa = PBXFileReference; lastKnownFileType = sourcecode.swift; path = BaseService.swift; sourceTree = "<group>"; };
		0980B8DC218AFFAD00F424AB /* WWService.swift */ = {isa = PBXFileReference; lastKnownFileType = sourcecode.swift; path = WWService.swift; sourceTree = "<group>"; };
		0980B8DE218B154B00F424AB /* ObjectMapper.framework */ = {isa = PBXFileReference; lastKnownFileType = wrapper.framework; name = ObjectMapper.framework; path = Carthage/Build/iOS/ObjectMapper.framework; sourceTree = "<group>"; };
		0980B8E0218B169500F424AB /* RxSwift.framework */ = {isa = PBXFileReference; lastKnownFileType = wrapper.framework; name = RxSwift.framework; path = Carthage/Build/iOS/RxSwift.framework; sourceTree = "<group>"; };
		0985320E21997FEA0088AF5C /* SourcesPageNode.swift */ = {isa = PBXFileReference; lastKnownFileType = sourcecode.swift; path = SourcesPageNode.swift; sourceTree = "<group>"; };
		098532102199870A0088AF5C /* SourcePageControl.swift */ = {isa = PBXFileReference; lastKnownFileType = sourcecode.swift; path = SourcePageControl.swift; sourceTree = "<group>"; };
		09853212219987FA0088AF5C /* SourceCategoryNode.swift */ = {isa = PBXFileReference; lastKnownFileType = sourcecode.swift; path = SourceCategoryNode.swift; sourceTree = "<group>"; };
		09858AB621631DB100AC6636 /* WebViewController.swift */ = {isa = PBXFileReference; lastKnownFileType = sourcecode.swift; path = WebViewController.swift; sourceTree = "<group>"; };
		099A6B6621674A3E005C632B /* DetailCell.swift */ = {isa = PBXFileReference; lastKnownFileType = sourcecode.swift; path = DetailCell.swift; sourceTree = "<group>"; };
		09A535D920562C7100E83BFD /* WorldWide.app */ = {isa = PBXFileReference; explicitFileType = wrapper.application; includeInIndex = 0; path = WorldWide.app; sourceTree = BUILT_PRODUCTS_DIR; };
		09A535DC20562C7100E83BFD /* AppDelegate.swift */ = {isa = PBXFileReference; lastKnownFileType = sourcecode.swift; path = AppDelegate.swift; sourceTree = "<group>"; };
		09A535E320562C7100E83BFD /* Assets.xcassets */ = {isa = PBXFileReference; lastKnownFileType = folder.assetcatalog; path = Assets.xcassets; sourceTree = "<group>"; };
		09A535E620562C7100E83BFD /* Base */ = {isa = PBXFileReference; lastKnownFileType = file.storyboard; name = Base; path = Base.lproj/LaunchScreen.storyboard; sourceTree = "<group>"; };
		09A535E820562C7100E83BFD /* Info.plist */ = {isa = PBXFileReference; lastKnownFileType = text.plist.xml; path = Info.plist; sourceTree = "<group>"; };
		09A6BBFA21A1560100443D3B /* ASButtonNode.swift */ = {isa = PBXFileReference; lastKnownFileType = sourcecode.swift; path = ASButtonNode.swift; sourceTree = "<group>"; };
		09A7CFEF2088731B0038EE62 /* UnboxDateFormater.swift */ = {isa = PBXFileReference; lastKnownFileType = sourcecode.swift; path = UnboxDateFormater.swift; sourceTree = "<group>"; };
		09E15F4E216B14F10002E5BF /* SourcesViewController.swift */ = {isa = PBXFileReference; lastKnownFileType = sourcecode.swift; path = SourcesViewController.swift; sourceTree = "<group>"; };
		09E15F50216B4C4B0002E5BF /* EnumCollection.swift */ = {isa = PBXFileReference; lastKnownFileType = sourcecode.swift; path = EnumCollection.swift; sourceTree = "<group>"; };
		09E15F54216B5DF30002E5BF /* SearchViewController.swift */ = {isa = PBXFileReference; lastKnownFileType = sourcecode.swift; path = SearchViewController.swift; sourceTree = "<group>"; };
		09E15F56216B65A40002E5BF /* HistoryCollectionNode.swift */ = {isa = PBXFileReference; lastKnownFileType = sourcecode.swift; path = HistoryCollectionNode.swift; sourceTree = "<group>"; };
		09E15F58216B6CDA0002E5BF /* HistoryNode.swift */ = {isa = PBXFileReference; lastKnownFileType = sourcecode.swift; path = HistoryNode.swift; sourceTree = "<group>"; };
		09E1C041216C88B9003FB213 /* GArticle.swift */ = {isa = PBXFileReference; lastKnownFileType = sourcecode.swift; path = GArticle.swift; sourceTree = "<group>"; };
		09E1C043216C88C6003FB213 /* GArticles.swift */ = {isa = PBXFileReference; lastKnownFileType = sourcecode.swift; path = GArticles.swift; sourceTree = "<group>"; };
		09E459AF211BFD9000B775DF /* Unbox.framework */ = {isa = PBXFileReference; lastKnownFileType = wrapper.framework; name = Unbox.framework; path = Carthage/Build/iOS/Unbox.framework; sourceTree = "<group>"; };
		09E459B0211BFD9000B775DF /* PINCache.framework */ = {isa = PBXFileReference; lastKnownFileType = wrapper.framework; name = PINCache.framework; path = Carthage/Build/iOS/PINCache.framework; sourceTree = "<group>"; };
		09E459B1211BFD9000B775DF /* AsyncDisplayKit.framework */ = {isa = PBXFileReference; lastKnownFileType = wrapper.framework; name = AsyncDisplayKit.framework; path = Carthage/Build/iOS/AsyncDisplayKit.framework; sourceTree = "<group>"; };
		09E459B2211BFD9000B775DF /* PINRemoteImage.framework */ = {isa = PBXFileReference; lastKnownFileType = wrapper.framework; name = PINRemoteImage.framework; path = Carthage/Build/iOS/PINRemoteImage.framework; sourceTree = "<group>"; };
		09E459B3211BFD9100B775DF /* ViewAnimator.framework */ = {isa = PBXFileReference; lastKnownFileType = wrapper.framework; name = ViewAnimator.framework; path = Carthage/Build/iOS/ViewAnimator.framework; sourceTree = "<group>"; };
		09E459B4211BFD9100B775DF /* PINOperation.framework */ = {isa = PBXFileReference; lastKnownFileType = wrapper.framework; name = PINOperation.framework; path = Carthage/Build/iOS/PINOperation.framework; sourceTree = "<group>"; };
		09E459BB211C07CB00B775DF /* Result.framework */ = {isa = PBXFileReference; lastKnownFileType = wrapper.framework; name = Result.framework; path = Carthage/Build/iOS/Result.framework; sourceTree = "<group>"; };
		09E459BC211C07CC00B775DF /* ReactiveMoya.framework */ = {isa = PBXFileReference; lastKnownFileType = wrapper.framework; name = ReactiveMoya.framework; path = Carthage/Build/iOS/ReactiveMoya.framework; sourceTree = "<group>"; };
		09E459BD211C07CC00B775DF /* Alamofire.framework */ = {isa = PBXFileReference; lastKnownFileType = wrapper.framework; name = Alamofire.framework; path = Carthage/Build/iOS/Alamofire.framework; sourceTree = "<group>"; };
		09E459BE211C07CC00B775DF /* Moya.framework */ = {isa = PBXFileReference; lastKnownFileType = wrapper.framework; name = Moya.framework; path = Carthage/Build/iOS/Moya.framework; sourceTree = "<group>"; };
		09E459BF211C07CC00B775DF /* ReactiveSwift.framework */ = {isa = PBXFileReference; lastKnownFileType = wrapper.framework; name = ReactiveSwift.framework; path = Carthage/Build/iOS/ReactiveSwift.framework; sourceTree = "<group>"; };
		09E459C6211C1B4500B775DF /* ArticleExtraction.swift */ = {isa = PBXFileReference; lastKnownFileType = sourcecode.swift; path = ArticleExtraction.swift; sourceTree = "<group>"; };
		09F337D6218813EA00892A7A /* UserCurrent.swift */ = {isa = PBXFileReference; lastKnownFileType = sourcecode.swift; path = UserCurrent.swift; sourceTree = "<group>"; };
		09F337D821882DB600892A7A /* User.swift */ = {isa = PBXFileReference; lastKnownFileType = sourcecode.swift; path = User.swift; sourceTree = "<group>"; };
		09F6A03B209AE04500021683 /* DetailWebViewController.swift */ = {isa = PBXFileReference; lastKnownFileType = sourcecode.swift; path = DetailWebViewController.swift; sourceTree = "<group>"; };
/* End PBXFileReference section */

/* Begin PBXFrameworksBuildPhase section */
		09A535D620562C7100E83BFD /* Frameworks */ = {
			isa = PBXFrameworksBuildPhase;
			buildActionMask = 2147483647;
			files = (
				0980B8E1218B169600F424AB /* RxSwift.framework in Frameworks */,
				0980B8DF218B154B00F424AB /* ObjectMapper.framework in Frameworks */,
				09E459B6211BFD9100B775DF /* PINCache.framework in Frameworks */,
				09E459C0211C07CC00B775DF /* Result.framework in Frameworks */,
				09E459C1211C07CC00B775DF /* ReactiveMoya.framework in Frameworks */,
				09E459C2211C07CC00B775DF /* Alamofire.framework in Frameworks */,
				09E459C3211C07CC00B775DF /* Moya.framework in Frameworks */,
				09E459C4211C07CC00B775DF /* ReactiveSwift.framework in Frameworks */,
				09E459B7211BFD9100B775DF /* AsyncDisplayKit.framework in Frameworks */,
				09E459B8211BFD9100B775DF /* PINRemoteImage.framework in Frameworks */,
				09E459BA211BFD9100B775DF /* PINOperation.framework in Frameworks */,
			);
			runOnlyForDeploymentPostprocessing = 0;
		};
/* End PBXFrameworksBuildPhase section */

/* Begin PBXGroup section */
		092D6EE82165F87900AF03E0 /* Google */ = {
			isa = PBXGroup;
			children = (
				09478D5D2056327B00E3D266 /* View */,
				0955DAE9205A508500D1CECA /* GoogleViewController.swift */,
			);
			path = Google;
			sourceTree = "<group>";
		};
		092D6EEA2165F89B00AF03E0 /* Articles */ = {
			isa = PBXGroup;
			children = (
				092D6EEB2165F8AC00AF03E0 /* View */,
				095CB4A42158CD0700098EF8 /* NewViewController.swift */,
			);
			path = Articles;
			sourceTree = "<group>";
		};
		092D6EEB2165F8AC00AF03E0 /* View */ = {
			isa = PBXGroup;
			children = (
				092D6EEC2165F8BB00AF03E0 /* BaseCell.swift */,
				099A6B6621674A3E005C632B /* DetailCell.swift */,
			);
			path = View;
			sourceTree = "<group>";
		};
		0931CE0621870BC9005BAF47 /* User */ = {
			isa = PBXGroup;
			children = (
				0931CE0721870BD4005BAF47 /* View */,
				0931CE0821870BEC005BAF47 /* LoginViewController.swift */,
				09F337D6218813EA00892A7A /* UserCurrent.swift */,
			);
			path = User;
			sourceTree = "<group>";
		};
		0931CE0721870BD4005BAF47 /* View */ = {
			isa = PBXGroup;
			children = (
				0931CE0A218710B3005BAF47 /* LogoAreaDisplay.swift */,
				0931CE0C218710C0005BAF47 /* FormLoginDisplay.swift */,
				0931CE0E218710D1005BAF47 /* TermOfServiceDisplay.swift */,
			);
			path = View;
			sourceTree = "<group>";
		};
		0935B668219BD30B0044319C /* BarChart */ = {
			isa = PBXGroup;
			children = (
				0935B66C219BD30B0044319C /* BarEntry.swift */,
				0935B671219BD30B0044319C /* BeautifulBarChart.swift */,
			);
			path = BarChart;
			sourceTree = "<group>";
		};
		093E858A2164B89100FD217E /* WebView */ = {
			isa = PBXGroup;
			children = (
				093E858B2164B89C00FD217E /* View */,
				09858AB621631DB100AC6636 /* WebViewController.swift */,
			);
			path = WebView;
			sourceTree = "<group>";
		};
		093E858B2164B89C00FD217E /* View */ = {
			isa = PBXGroup;
			children = (
				093E858C2164B8B000FD217E /* WebView.swift */,
			);
			path = View;
			sourceTree = "<group>";
		};
		09478D5C2056327100E3D266 /* Source */ = {
			isa = PBXGroup;
			children = (
				0935B668219BD30B0044319C /* BarChart */,
				0931CE0621870BC9005BAF47 /* User */,
				09E15F52216B5DDB0002E5BF /* Search */,
				09E15F4A216B14A70002E5BF /* ResgisterSources */,
				092D6EEA2165F89B00AF03E0 /* Articles */,
				092D6EE82165F87900AF03E0 /* Google */,
				093E858A2164B89100FD217E /* WebView */,
				09F6A03B209AE04500021683 /* DetailWebViewController.swift */,
				09478D712056864F00E3D266 /* RootTabBarController.swift */,
			);
			path = Source;
			sourceTree = "<group>";
		};
		09478D5D2056327B00E3D266 /* View */ = {
			isa = PBXGroup;
			children = (
				0955DAEB205A5A3900D1CECA /* Google.swift */,
			);
			path = View;
			sourceTree = "<group>";
		};
		09478D62205632A400E3D266 /* Extension */ = {
			isa = PBXGroup;
			children = (
				09478D63205632E500E3D266 /* UITableViewCell.swift */,
				09A7CFEF2088731B0038EE62 /* UnboxDateFormater.swift */,
				094F13772122B57F00B60C03 /* UIViewController.swift */,
				0973D9D621645DCB008F9420 /* UIImage.swift */,
				0973D9D821647EAE008F9420 /* ASDisplayNode.swift */,
				093E85862164B85400FD217E /* UIColor.swift */,
				093E85882164B87800FD217E /* ASTextNode.swift */,
				093E858E2164C98B00FD217E /* UIApplication.swift */,
				09E15F50216B4C4B0002E5BF /* EnumCollection.swift */,
				09A6BBFA21A1560100443D3B /* ASButtonNode.swift */,
				0912A43221A555D800923CC4 /* UIWindow.swift */,
				0942B46F21A69AF300207BE3 /* UserDefaults.swift */,
				092F0E5A21A804AE00FEABA3 /* TextFieldNode.swift */,
				092F0E5C21A8051C00FEABA3 /* String.swift */,
			);
			path = Extension;
			sourceTree = "<group>";
		};
		09478D652056375B00E3D266 /* Network */ = {
			isa = PBXGroup;
			children = (
				0980B8DA218AF7DD00F424AB /* BaseService.swift */,
				0980B8DC218AFFAD00F424AB /* WWService.swift */,
				09478D662056378000E3D266 /* NetworkControl.swift */,
				09E459C6211C1B4500B775DF /* ArticleExtraction.swift */,
				0980B8D8218A9CDF00F424AB /* Encode.swift */,
			);
			path = Network;
			sourceTree = "<group>";
		};
		09478D6820565F1700E3D266 /* Models */ = {
			isa = PBXGroup;
			children = (
				09478D6B2056612700E3D266 /* Article.swift */,
				09478D6D20566C9000E3D266 /* Articles.swift */,
				09E1C041216C88B9003FB213 /* GArticle.swift */,
				09E1C043216C88C6003FB213 /* GArticles.swift */,
				09F337D821882DB600892A7A /* User.swift */,
				094F37A421941E38004B08E5 /* Sources.swift */,
				094F37A621941E44004B08E5 /* Types.swift */,
				094F37A8219424F5004B08E5 /* Type.swift */,
			);
			path = Models;
			sourceTree = "<group>";
		};
		0973D9D321645667008F9420 /* Constans */ = {
			isa = PBXGroup;
			children = (
				0973D9D421645688008F9420 /* C-WebConstants.swift */,
			);
			path = Constans;
			sourceTree = "<group>";
		};
		09A535D020562C7100E83BFD = {
			isa = PBXGroup;
			children = (
				09A535DB20562C7100E83BFD /* WorldWide */,
				09A535DA20562C7100E83BFD /* Products */,
				09E459AE211BFD8F00B775DF /* Frameworks */,
			);
			sourceTree = "<group>";
		};
		09A535DA20562C7100E83BFD /* Products */ = {
			isa = PBXGroup;
			children = (
				09A535D920562C7100E83BFD /* WorldWide.app */,
			);
			name = Products;
			sourceTree = "<group>";
		};
		09A535DB20562C7100E83BFD /* WorldWide */ = {
			isa = PBXGroup;
			children = (
				0973D9D321645667008F9420 /* Constans */,
				09478D6820565F1700E3D266 /* Models */,
				09478D652056375B00E3D266 /* Network */,
				09478D62205632A400E3D266 /* Extension */,
				09478D5C2056327100E3D266 /* Source */,
				09A535DC20562C7100E83BFD /* AppDelegate.swift */,
				09A535E320562C7100E83BFD /* Assets.xcassets */,
				09A535E520562C7100E83BFD /* LaunchScreen.storyboard */,
				09A535E820562C7100E83BFD /* Info.plist */,
				0942B47121A6BA6200207BE3 /* SplashViewController.swift */,
			);
			path = WorldWide;
			sourceTree = "<group>";
		};
		09E15F4A216B14A70002E5BF /* ResgisterSources */ = {
			isa = PBXGroup;
			children = (
				09E15F4B216B14B60002E5BF /* View */,
				09E15F4E216B14F10002E5BF /* SourcesViewController.swift */,
			);
			path = ResgisterSources;
			sourceTree = "<group>";
		};
		09E15F4B216B14B60002E5BF /* View */ = {
			isa = PBXGroup;
			children = (
				0985320E21997FEA0088AF5C /* SourcesPageNode.swift */,
				098532102199870A0088AF5C /* SourcePageControl.swift */,
				09853212219987FA0088AF5C /* SourceCategoryNode.swift */,
			);
			path = View;
			sourceTree = "<group>";
		};
		09E15F52216B5DDB0002E5BF /* Search */ = {
			isa = PBXGroup;
			children = (
				09E15F53216B5DE60002E5BF /* View */,
				09E15F54216B5DF30002E5BF /* SearchViewController.swift */,
			);
			path = Search;
			sourceTree = "<group>";
		};
		09E15F53216B5DE60002E5BF /* View */ = {
			isa = PBXGroup;
			children = (
				09E15F56216B65A40002E5BF /* HistoryCollectionNode.swift */,
				09E15F58216B6CDA0002E5BF /* HistoryNode.swift */,
			);
			path = View;
			sourceTree = "<group>";
		};
		09E459AE211BFD8F00B775DF /* Frameworks */ = {
			isa = PBXGroup;
			children = (
				0980B8E0218B169500F424AB /* RxSwift.framework */,
				0980B8DE218B154B00F424AB /* ObjectMapper.framework */,
				09E459BD211C07CC00B775DF /* Alamofire.framework */,
				09E459BE211C07CC00B775DF /* Moya.framework */,
				09E459BC211C07CC00B775DF /* ReactiveMoya.framework */,
				09E459BF211C07CC00B775DF /* ReactiveSwift.framework */,
				09E459BB211C07CB00B775DF /* Result.framework */,
				09E459B1211BFD9000B775DF /* AsyncDisplayKit.framework */,
				09E459B0211BFD9000B775DF /* PINCache.framework */,
				09E459B4211BFD9100B775DF /* PINOperation.framework */,
				09E459B2211BFD9000B775DF /* PINRemoteImage.framework */,
				09E459AF211BFD9000B775DF /* Unbox.framework */,
				09E459B3211BFD9100B775DF /* ViewAnimator.framework */,
			);
			name = Frameworks;
			sourceTree = "<group>";
		};
/* End PBXGroup section */

/* Begin PBXNativeTarget section */
		09A535D820562C7100E83BFD /* WorldWide */ = {
			isa = PBXNativeTarget;
			buildConfigurationList = 09A535EB20562C7100E83BFD /* Build configuration list for PBXNativeTarget "WorldWide" */;
			buildPhases = (
				09A535D520562C7100E83BFD /* Sources */,
				09A535D620562C7100E83BFD /* Frameworks */,
				09A535D720562C7100E83BFD /* Resources */,
				09E459AD211BFBE900B775DF /* Copy carthage libs */,
			);
			buildRules = (
			);
			dependencies = (
			);
			name = WorldWide;
			productName = WorldWide;
			productReference = 09A535D920562C7100E83BFD /* WorldWide.app */;
			productType = "com.apple.product-type.application";
		};
/* End PBXNativeTarget section */

/* Begin PBXProject section */
		09A535D120562C7100E83BFD /* Project object */ = {
			isa = PBXProject;
			attributes = {
				LastSwiftUpdateCheck = 0920;
				LastUpgradeCheck = 1010;
				ORGANIZATIONNAME = "Hoang Trong Anh";
				TargetAttributes = {
					09A535D820562C7100E83BFD = {
						CreatedOnToolsVersion = 9.2;
						LastSwiftMigration = 1010;
						ProvisioningStyle = Automatic;
					};
				};
			};
			buildConfigurationList = 09A535D420562C7100E83BFD /* Build configuration list for PBXProject "WorldWide" */;
			compatibilityVersion = "Xcode 8.0";
			developmentRegion = en;
			hasScannedForEncodings = 0;
			knownRegions = (
				en,
				Base,
			);
			mainGroup = 09A535D020562C7100E83BFD;
			productRefGroup = 09A535DA20562C7100E83BFD /* Products */;
			projectDirPath = "";
			projectRoot = "";
			targets = (
				09A535D820562C7100E83BFD /* WorldWide */,
			);
		};
/* End PBXProject section */

/* Begin PBXResourcesBuildPhase section */
		09A535D720562C7100E83BFD /* Resources */ = {
			isa = PBXResourcesBuildPhase;
			buildActionMask = 2147483647;
			files = (
				09A535E720562C7100E83BFD /* LaunchScreen.storyboard in Resources */,
				09A535E420562C7100E83BFD /* Assets.xcassets in Resources */,
			);
			runOnlyForDeploymentPostprocessing = 0;
		};
/* End PBXResourcesBuildPhase section */

/* Begin PBXShellScriptBuildPhase section */
		09E459AD211BFBE900B775DF /* Copy carthage libs */ = {
			isa = PBXShellScriptBuildPhase;
			buildActionMask = 2147483647;
			files = (
			);
			inputPaths = (
				"$(SRCROOT)/Carthage/Build/iOS/PINCache.framework",
				"$(SRCROOT)/Carthage/Build/iOS/PINRemoteImage.framework",
				"$(SRCROOT)/Carthage/Build/iOS/PINOperation.framework",
				"$(SRCROOT)/Carthage/Build/iOS/AsyncDisplayKit.framework",
				"$(SRCROOT)/Carthage/Build/iOS/Moya.framework",
				"$(SRCROOT)/Carthage/Build/iOS/Alamofire.framework",
				"$(SRCROOT)/Carthage/Build/iOS/Result.framework",
				"$(SRCROOT)/Carthage/Build/iOS/ReactiveSwift.framework",
				"$(SRCROOT)/Carthage/Build/iOS/ReactiveMoya.framework",
				"$(SRCROOT)/Carthage/Build/iOS/ObjectMapper.framework",
				"$(SRCROOT)/Carthage/Build/iOS/RxSwift.framework",
				"$(SRCROOT)/Carthage/Build/iOS/IQKeyboardManager.framework",
				"$(SRCROOT)/Carthage/Build/iOS/RxCocoa.framework",
			);
			name = "Copy carthage libs";
			outputPaths = (
			);
			runOnlyForDeploymentPostprocessing = 0;
			shellPath = /bin/sh;
			shellScript = "/usr/local/bin/carthage copy-frameworks\n";
		};
/* End PBXShellScriptBuildPhase section */

/* Begin PBXSourcesBuildPhase section */
		09A535D520562C7100E83BFD /* Sources */ = {
			isa = PBXSourcesBuildPhase;
			buildActionMask = 2147483647;
			files = (
				093E858F2164C98B00FD217E /* UIApplication.swift in Sources */,
				092F0E5B21A804AE00FEABA3 /* TextFieldNode.swift in Sources */,
				093E858D2164B8B000FD217E /* WebView.swift in Sources */,
				093E85872164B85400FD217E /* UIColor.swift in Sources */,
				0942B47221A6BA6200207BE3 /* SplashViewController.swift in Sources */,
				09478D64205632E500E3D266 /* UITableViewCell.swift in Sources */,
				092F0E5D21A8051C00FEABA3 /* String.swift in Sources */,
				094F13782122B57F00B60C03 /* UIViewController.swift in Sources */,
				09E15F55216B5DF30002E5BF /* SearchViewController.swift in Sources */,
				09E1C042216C88B9003FB213 /* GArticle.swift in Sources */,
				0935B67A219BD30B0044319C /* BeautifulBarChart.swift in Sources */,
				09E15F51216B4C4B0002E5BF /* EnumCollection.swift in Sources */,
				09853213219987FA0088AF5C /* SourceCategoryNode.swift in Sources */,
				09F337D7218813EA00892A7A /* UserCurrent.swift in Sources */,
				0955DAEA205A508500D1CECA /* GoogleViewController.swift in Sources */,
				09478D6C2056612700E3D266 /* Article.swift in Sources */,
				0973D9D521645688008F9420 /* C-WebConstants.swift in Sources */,
				099A6B6721674A3E005C632B /* DetailCell.swift in Sources */,
				093E85892164B87800FD217E /* ASTextNode.swift in Sources */,
				0980B8D9218A9CDF00F424AB /* Encode.swift in Sources */,
				094F37A9219424F5004B08E5 /* Type.swift in Sources */,
				0931CE0D218710C0005BAF47 /* FormLoginDisplay.swift in Sources */,
				09E15F4F216B14F10002E5BF /* SourcesViewController.swift in Sources */,
				09F337D921882DB600892A7A /* User.swift in Sources */,
				0980B8DD218AFFAD00F424AB /* WWService.swift in Sources */,
				0985320F21997FEA0088AF5C /* SourcesPageNode.swift in Sources */,
				0935B677219BD30B0044319C /* BarEntry.swift in Sources */,
				09E15F59216B6CDA0002E5BF /* HistoryNode.swift in Sources */,
				09478D6E20566C9000E3D266 /* Articles.swift in Sources */,
				092D6EED2165F8BB00AF03E0 /* BaseCell.swift in Sources */,
				09A7CFF02088731B0038EE62 /* UnboxDateFormater.swift in Sources */,
				09E459C7211C1B4500B775DF /* ArticleExtraction.swift in Sources */,
				0955DAEC205A5A3900D1CECA /* Google.swift in Sources */,
				0931CE0921870BEC005BAF47 /* LoginViewController.swift in Sources */,
				09F6A03C209AE04500021683 /* DetailWebViewController.swift in Sources */,
				09A6BBFB21A1560100443D3B /* ASButtonNode.swift in Sources */,
				09478D722056864F00E3D266 /* RootTabBarController.swift in Sources */,
				09858AB721631DB100AC6636 /* WebViewController.swift in Sources */,
				0980B8DB218AF7DD00F424AB /* BaseService.swift in Sources */,
				0973D9D921647EAE008F9420 /* ASDisplayNode.swift in Sources */,
				09E15F57216B65A40002E5BF /* HistoryCollectionNode.swift in Sources */,
				094F37A721941E44004B08E5 /* Types.swift in Sources */,
				09478D672056378000E3D266 /* NetworkControl.swift in Sources */,
				094F37A521941E38004B08E5 /* Sources.swift in Sources */,
				0931CE0F218710D1005BAF47 /* TermOfServiceDisplay.swift in Sources */,
				0912A43321A555D800923CC4 /* UIWindow.swift in Sources */,
				0931CE0B218710B3005BAF47 /* LogoAreaDisplay.swift in Sources */,
				098532112199870A0088AF5C /* SourcePageControl.swift in Sources */,
				095CB4A52158CD0700098EF8 /* NewViewController.swift in Sources */,
				09E1C044216C88C6003FB213 /* GArticles.swift in Sources */,
				0973D9D721645DCB008F9420 /* UIImage.swift in Sources */,
				09A535DD20562C7100E83BFD /* AppDelegate.swift in Sources */,
				0942B47021A69AF300207BE3 /* UserDefaults.swift in Sources */,
			);
			runOnlyForDeploymentPostprocessing = 0;
		};
/* End PBXSourcesBuildPhase section */

/* Begin PBXVariantGroup section */
		09A535E520562C7100E83BFD /* LaunchScreen.storyboard */ = {
			isa = PBXVariantGroup;
			children = (
				09A535E620562C7100E83BFD /* Base */,
			);
			name = LaunchScreen.storyboard;
			sourceTree = "<group>";
		};
/* End PBXVariantGroup section */

/* Begin XCBuildConfiguration section */
		09A535E920562C7100E83BFD /* Debug */ = {
			isa = XCBuildConfiguration;
			buildSettings = {
				ALWAYS_SEARCH_USER_PATHS = NO;
				CLANG_ANALYZER_NONNULL = YES;
				CLANG_ANALYZER_NUMBER_OBJECT_CONVERSION = YES_AGGRESSIVE;
				CLANG_CXX_LANGUAGE_STANDARD = "gnu++14";
				CLANG_CXX_LIBRARY = "libc++";
				CLANG_ENABLE_MODULES = YES;
				CLANG_ENABLE_OBJC_ARC = YES;
				CLANG_WARN_BLOCK_CAPTURE_AUTORELEASING = YES;
				CLANG_WARN_BOOL_CONVERSION = YES;
				CLANG_WARN_COMMA = YES;
				CLANG_WARN_CONSTANT_CONVERSION = YES;
				CLANG_WARN_DEPRECATED_OBJC_IMPLEMENTATIONS = YES;
				CLANG_WARN_DIRECT_OBJC_ISA_USAGE = YES_ERROR;
				CLANG_WARN_DOCUMENTATION_COMMENTS = YES;
				CLANG_WARN_EMPTY_BODY = YES;
				CLANG_WARN_ENUM_CONVERSION = YES;
				CLANG_WARN_INFINITE_RECURSION = YES;
				CLANG_WARN_INT_CONVERSION = YES;
				CLANG_WARN_NON_LITERAL_NULL_CONVERSION = YES;
				CLANG_WARN_OBJC_IMPLICIT_RETAIN_SELF = YES;
				CLANG_WARN_OBJC_LITERAL_CONVERSION = YES;
				CLANG_WARN_OBJC_ROOT_CLASS = YES_ERROR;
				CLANG_WARN_RANGE_LOOP_ANALYSIS = YES;
				CLANG_WARN_STRICT_PROTOTYPES = YES;
				CLANG_WARN_SUSPICIOUS_MOVE = YES;
				CLANG_WARN_UNGUARDED_AVAILABILITY = YES_AGGRESSIVE;
				CLANG_WARN_UNREACHABLE_CODE = YES;
				CLANG_WARN__DUPLICATE_METHOD_MATCH = YES;
				CODE_SIGN_IDENTITY = "iPhone Developer";
				COPY_PHASE_STRIP = NO;
				DEBUG_INFORMATION_FORMAT = dwarf;
				ENABLE_STRICT_OBJC_MSGSEND = YES;
				ENABLE_TESTABILITY = YES;
				GCC_C_LANGUAGE_STANDARD = gnu11;
				GCC_DYNAMIC_NO_PIC = NO;
				GCC_NO_COMMON_BLOCKS = YES;
				GCC_OPTIMIZATION_LEVEL = 0;
				GCC_PREPROCESSOR_DEFINITIONS = (
					"DEBUG=1",
					"$(inherited)",
				);
				GCC_WARN_64_TO_32_BIT_CONVERSION = YES;
				GCC_WARN_ABOUT_RETURN_TYPE = YES_ERROR;
				GCC_WARN_UNDECLARED_SELECTOR = YES;
				GCC_WARN_UNINITIALIZED_AUTOS = YES_AGGRESSIVE;
				GCC_WARN_UNUSED_FUNCTION = YES;
				GCC_WARN_UNUSED_VARIABLE = YES;
				IPHONEOS_DEPLOYMENT_TARGET = 11.2;
				MTL_ENABLE_DEBUG_INFO = YES;
				ONLY_ACTIVE_ARCH = YES;
				SDKROOT = iphoneos;
				SWIFT_ACTIVE_COMPILATION_CONDITIONS = DEBUG;
				SWIFT_OPTIMIZATION_LEVEL = "-Onone";
				SWIFT_VERSION = 4.0;
			};
			name = Debug;
		};
		09A535EA20562C7100E83BFD /* Release */ = {
			isa = XCBuildConfiguration;
			buildSettings = {
				ALWAYS_SEARCH_USER_PATHS = NO;
				CLANG_ANALYZER_NONNULL = YES;
				CLANG_ANALYZER_NUMBER_OBJECT_CONVERSION = YES_AGGRESSIVE;
				CLANG_CXX_LANGUAGE_STANDARD = "gnu++14";
				CLANG_CXX_LIBRARY = "libc++";
				CLANG_ENABLE_MODULES = YES;
				CLANG_ENABLE_OBJC_ARC = YES;
				CLANG_WARN_BLOCK_CAPTURE_AUTORELEASING = YES;
				CLANG_WARN_BOOL_CONVERSION = YES;
				CLANG_WARN_COMMA = YES;
				CLANG_WARN_CONSTANT_CONVERSION = YES;
				CLANG_WARN_DEPRECATED_OBJC_IMPLEMENTATIONS = YES;
				CLANG_WARN_DIRECT_OBJC_ISA_USAGE = YES_ERROR;
				CLANG_WARN_DOCUMENTATION_COMMENTS = YES;
				CLANG_WARN_EMPTY_BODY = YES;
				CLANG_WARN_ENUM_CONVERSION = YES;
				CLANG_WARN_INFINITE_RECURSION = YES;
				CLANG_WARN_INT_CONVERSION = YES;
				CLANG_WARN_NON_LITERAL_NULL_CONVERSION = YES;
				CLANG_WARN_OBJC_IMPLICIT_RETAIN_SELF = YES;
				CLANG_WARN_OBJC_LITERAL_CONVERSION = YES;
				CLANG_WARN_OBJC_ROOT_CLASS = YES_ERROR;
				CLANG_WARN_RANGE_LOOP_ANALYSIS = YES;
				CLANG_WARN_STRICT_PROTOTYPES = YES;
				CLANG_WARN_SUSPICIOUS_MOVE = YES;
				CLANG_WARN_UNGUARDED_AVAILABILITY = YES_AGGRESSIVE;
				CLANG_WARN_UNREACHABLE_CODE = YES;
				CLANG_WARN__DUPLICATE_METHOD_MATCH = YES;
				CODE_SIGN_IDENTITY = "iPhone Developer";
				COPY_PHASE_STRIP = NO;
				DEBUG_INFORMATION_FORMAT = "dwarf-with-dsym";
				ENABLE_NS_ASSERTIONS = NO;
				ENABLE_STRICT_OBJC_MSGSEND = YES;
				GCC_C_LANGUAGE_STANDARD = gnu11;
				GCC_NO_COMMON_BLOCKS = YES;
				GCC_WARN_64_TO_32_BIT_CONVERSION = YES;
				GCC_WARN_ABOUT_RETURN_TYPE = YES_ERROR;
				GCC_WARN_UNDECLARED_SELECTOR = YES;
				GCC_WARN_UNINITIALIZED_AUTOS = YES_AGGRESSIVE;
				GCC_WARN_UNUSED_FUNCTION = YES;
				GCC_WARN_UNUSED_VARIABLE = YES;
				IPHONEOS_DEPLOYMENT_TARGET = 11.2;
				MTL_ENABLE_DEBUG_INFO = NO;
				SDKROOT = iphoneos;
				SWIFT_OPTIMIZATION_LEVEL = "-Owholemodule";
				SWIFT_VERSION = 4.0;
				VALIDATE_PRODUCT = YES;
			};
			name = Release;
		};
		09A535EC20562C7100E83BFD /* Debug */ = {
			isa = XCBuildConfiguration;
			buildSettings = {
				ASSETCATALOG_COMPILER_APPICON_NAME = AppIcon;
				CODE_SIGN_STYLE = Automatic;
				DEVELOPMENT_TEAM = 254Q23AKWK;
				FRAMEWORK_SEARCH_PATHS = (
					"$(inherited)",
					"$(PROJECT_DIR)/Carthage/Build/iOS",
				);
				INFOPLIST_FILE = WorldWide/Info.plist;
				IPHONEOS_DEPLOYMENT_TARGET = 10.0;
				LD_RUNPATH_SEARCH_PATHS = "$(inherited) @executable_path/Frameworks";
				PRODUCT_BUNDLE_IDENTIFIER = anhht.WorldWide;
				PRODUCT_NAME = "$(TARGET_NAME)";
				SWIFT_VERSION = 4.2;
				TARGETED_DEVICE_FAMILY = 1;
			};
			name = Debug;
		};
		09A535ED20562C7100E83BFD /* Release */ = {
			isa = XCBuildConfiguration;
			buildSettings = {
				ASSETCATALOG_COMPILER_APPICON_NAME = AppIcon;
				CODE_SIGN_STYLE = Automatic;
				DEVELOPMENT_TEAM = 254Q23AKWK;
				FRAMEWORK_SEARCH_PATHS = (
					"$(inherited)",
					"$(PROJECT_DIR)/Carthage/Build/iOS",
				);
				INFOPLIST_FILE = WorldWide/Info.plist;
				IPHONEOS_DEPLOYMENT_TARGET = 10.0;
				LD_RUNPATH_SEARCH_PATHS = "$(inherited) @executable_path/Frameworks";
				PRODUCT_BUNDLE_IDENTIFIER = anhht.WorldWide;
				PRODUCT_NAME = "$(TARGET_NAME)";
				SWIFT_VERSION = 4.2;
				TARGETED_DEVICE_FAMILY = 1;
			};
			name = Release;
		};
/* End XCBuildConfiguration section */

/* Begin XCConfigurationList section */
		09A535D420562C7100E83BFD /* Build configuration list for PBXProject "WorldWide" */ = {
			isa = XCConfigurationList;
			buildConfigurations = (
				09A535E920562C7100E83BFD /* Debug */,
				09A535EA20562C7100E83BFD /* Release */,
			);
			defaultConfigurationIsVisible = 0;
			defaultConfigurationName = Release;
		};
		09A535EB20562C7100E83BFD /* Build configuration list for PBXNativeTarget "WorldWide" */ = {
			isa = XCConfigurationList;
			buildConfigurations = (
				09A535EC20562C7100E83BFD /* Debug */,
				09A535ED20562C7100E83BFD /* Release */,
			);
			defaultConfigurationIsVisible = 0;
			defaultConfigurationName = Release;
		};
/* End XCConfigurationList section */
	};
	rootObject = 09A535D120562C7100E83BFD /* Project object */;
}
